
Microsoft Visual Studio Solution File, Format Version 12.00
# Visual Studio 14
VisualStudioVersion = 14.0.25420.1
MinimumVisualStudioVersion = 10.0.40219.1
Project("{FAE04EC0-301F-11D3-BF4B-00C04F79EFBC}") = "Hawkmoth.Webjobs", "Hawkmoth.Webjobs\Hawkmoth.Webjobs.csproj", "{99DAC80F-D9FB-4FC9-9CE1-9DFB6DE42649}"
EndProject
Project("{FAE04EC0-301F-11D3-BF4B-00C04F79EFBC}") = "Hawkmoth.WebJobs.Test", "Hawkmoth.WebJobs.Test\Hawkmoth.WebJobs.Test.csproj", "{1EDA8E44-53AF-4482-9BD2-33CED2B8FF0B}"
EndProject
Global
	GlobalSection(SolutionConfigurationPlatforms) = preSolution
		Debug|Any CPU = Debug|Any CPU
		Release|Any CPU = Release|Any CPU
	EndGlobalSection
	GlobalSection(ProjectConfigurationPlatforms) = postSolution
		{99DAC80F-D9FB-4FC9-9CE1-9DFB6DE42649}.Debug|Any CPU.ActiveCfg = Debug|Any CPU
		{99DAC80F-D9FB-4FC9-9CE1-9DFB6DE42649}.Debug|Any CPU.Build.0 = Debug|Any CPU
		{99DAC80F-D9FB-4FC9-9CE1-9DFB6DE42649}.Release|Any CPU.ActiveCfg = Release|Any CPU
		{99DAC80F-D9FB-4FC9-9CE1-9DFB6DE42649}.Release|Any CPU.Build.0 = Release|Any CPU
		{1EDA8E44-53AF-4482-9BD2-33CED2B8FF0B}.Debug|Any CPU.ActiveCfg = Debug|Any CPU
		{1EDA8E44-53AF-4482-9BD2-33CED2B8FF0B}.Debug|Any CPU.Build.0 = Debug|Any CPU
		{1EDA8E44-53AF-4482-9BD2-33CED2B8FF0B}.Release|Any CPU.ActiveCfg = Release|Any CPU
		{1EDA8E44-53AF-4482-9BD2-33CED2B8FF0B}.Release|Any CPU.Build.0 = Release|Any CPU
	EndGlobalSection
	GlobalSection(SolutionProperties) = preSolution
		HideSolutionNode = FALSE
	EndGlobalSection
EndGlobal
